// !$*UTF8*$!
{
	archiveVersion = 1;
	classes = {
	};
	objectVersion = 46;
	objects = {

/* Begin PBXBuildFile section */
		8B0663F21E153928001C9B23 /* HJMacrosLazyGetterDemo.m in Sources */ = {isa = PBXBuildFile; fileRef = 8B0663F11E153928001C9B23 /* HJMacrosLazyGetterDemo.m */; };
		8B0663F91E15393F001C9B23 /* HAMLogOutputWindow+Category.m in Sources */ = {isa = PBXBuildFile; fileRef = 8B0663F51E15393F001C9B23 /* HAMLogOutputWindow+Category.m */; };
		8B0663FA1E15393F001C9B23 /* HAMLogOutputWindow.m in Sources */ = {isa = PBXBuildFile; fileRef = 8B0663F81E15393F001C9B23 /* HAMLogOutputWindow.m */; };
		8BC98E021E13AAB700E416A1 /* main.m in Sources */ = {isa = PBXBuildFile; fileRef = 8BC98E011E13AAB700E416A1 /* main.m */; };
		8BC98E051E13AAB700E416A1 /* AppDelegate.m in Sources */ = {isa = PBXBuildFile; fileRef = 8BC98E041E13AAB700E416A1 /* AppDelegate.m */; };
		8BC98E081E13AAB700E416A1 /* ViewController.m in Sources */ = {isa = PBXBuildFile; fileRef = 8BC98E071E13AAB700E416A1 /* ViewController.m */; };
		8BC98E0B1E13AAB700E416A1 /* Main.storyboard in Resources */ = {isa = PBXBuildFile; fileRef = 8BC98E091E13AAB700E416A1 /* Main.storyboard */; };
		8BC98E0D1E13AAB700E416A1 /* Assets.xcassets in Resources */ = {isa = PBXBuildFile; fileRef = 8BC98E0C1E13AAB700E416A1 /* Assets.xcassets */; };
		8BC98E101E13AAB700E416A1 /* LaunchScreen.storyboard in Resources */ = {isa = PBXBuildFile; fileRef = 8BC98E0E1E13AAB700E416A1 /* LaunchScreen.storyboard */; };
		8BC98E1B1E13AAB800E416A1 /* HJMacrosDemoTests.m in Sources */ = {isa = PBXBuildFile; fileRef = 8BC98E1A1E13AAB800E416A1 /* HJMacrosDemoTests.m */; };
		8BC98E261E13AAB800E416A1 /* HJMacrosDemoUITests.m in Sources */ = {isa = PBXBuildFile; fileRef = 8BC98E251E13AAB800E416A1 /* HJMacrosDemoUITests.m */; };
/* End PBXBuildFile section */

/* Begin PBXContainerItemProxy section */
		8BC98E171E13AAB800E416A1 /* PBXContainerItemProxy */ = {
			isa = PBXContainerItemProxy;
			containerPortal = 8BC98DF51E13AAB700E416A1 /* Project object */;
			proxyType = 1;
			remoteGlobalIDString = 8BC98DFC1E13AAB700E416A1;
			remoteInfo = HJMacrosDemo;
		};
		8BC98E221E13AAB800E416A1 /* PBXContainerItemProxy */ = {
			isa = PBXContainerItemProxy;
			containerPortal = 8BC98DF51E13AAB700E416A1 /* Project object */;
			proxyType = 1;
			remoteGlobalIDString = 8BC98DFC1E13AAB700E416A1;
			remoteInfo = HJMacrosDemo;
		};
/* End PBXContainerItemProxy section */

/* Begin PBXFileReference section */
		8B0663EB1E15233F001C9B23 /* PrefixHeader.pch */ = {isa = PBXFileReference; fileEncoding = 4; lastKnownFileType = sourcecode.c.h; path = PrefixHeader.pch; sourceTree = "<group>"; };
		8B0663F01E153928001C9B23 /* HJMacrosLazyGetterDemo.h */ = {isa = PBXFileReference; fileEncoding = 4; lastKnownFileType = sourcecode.c.h; path = HJMacrosLazyGetterDemo.h; sourceTree = "<group>"; };
		8B0663F11E153928001C9B23 /* HJMacrosLazyGetterDemo.m */ = {isa = PBXFileReference; fileEncoding = 4; lastKnownFileType = sourcecode.c.objc; path = HJMacrosLazyGetterDemo.m; sourceTree = "<group>"; };
		8B0663F41E15393F001C9B23 /* HAMLogOutputWindow+Category.h */ = {isa = PBXFileReference; fileEncoding = 4; lastKnownFileType = sourcecode.c.h; path = "HAMLogOutputWindow+Category.h"; sourceTree = "<group>"; };
		8B0663F51E15393F001C9B23 /* HAMLogOutputWindow+Category.m */ = {isa = PBXFileReference; fileEncoding = 4; lastKnownFileType = sourcecode.c.objc; path = "HAMLogOutputWindow+Category.m"; sourceTree = "<group>"; };
		8B0663F71E15393F001C9B23 /* HAMLogOutputWindow.h */ = {isa = PBXFileReference; fileEncoding = 4; lastKnownFileType = sourcecode.c.h; path = HAMLogOutputWindow.h; sourceTree = "<group>"; };
		8B0663F81E15393F001C9B23 /* HAMLogOutputWindow.m */ = {isa = PBXFileReference; fileEncoding = 4; lastKnownFileType = sourcecode.c.objc; path = HAMLogOutputWindow.m; sourceTree = "<group>"; };
		8B825FF01E1CA7B70037EA04 /* metamacros.h */ = {isa = PBXFileReference; fileEncoding = 4; lastKnownFileType = sourcecode.c.h; path = metamacros.h; sourceTree = "<group>"; };
		8BC98DFD1E13AAB700E416A1 /* HJMacrosDemo.app */ = {isa = PBXFileReference; explicitFileType = wrapper.application; includeInIndex = 0; path = HJMacrosDemo.app; sourceTree = BUILT_PRODUCTS_DIR; };
		8BC98E011E13AAB700E416A1 /* main.m */ = {isa = PBXFileReference; lastKnownFileType = sourcecode.c.objc; path = main.m; sourceTree = "<group>"; };
		8BC98E031E13AAB700E416A1 /* AppDelegate.h */ = {isa = PBXFileReference; lastKnownFileType = sourcecode.c.h; path = AppDelegate.h; sourceTree = "<group>"; };
		8BC98E041E13AAB700E416A1 /* AppDelegate.m */ = {isa = PBXFileReference; lastKnownFileType = sourcecode.c.objc; path = AppDelegate.m; sourceTree = "<group>"; };
		8BC98E061E13AAB700E416A1 /* ViewController.h */ = {isa = PBXFileReference; lastKnownFileType = sourcecode.c.h; path = ViewController.h; sourceTree = "<group>"; };
		8BC98E071E13AAB700E416A1 /* ViewController.m */ = {isa = PBXFileReference; lastKnownFileType = sourcecode.c.objc; path = ViewController.m; sourceTree = "<group>"; };
		8BC98E0A1E13AAB700E416A1 /* Base */ = {isa = PBXFileReference; lastKnownFileType = file.storyboard; name = Base; path = Base.lproj/Main.storyboard; sourceTree = "<group>"; };
		8BC98E0C1E13AAB700E416A1 /* Assets.xcassets */ = {isa = PBXFileReference; lastKnownFileType = folder.assetcatalog; path = Assets.xcassets; sourceTree = "<group>"; };
		8BC98E0F1E13AAB700E416A1 /* Base */ = {isa = PBXFileReference; lastKnownFileType = file.storyboard; name = Base; path = Base.lproj/LaunchScreen.storyboard; sourceTree = "<group>"; };
		8BC98E111E13AAB700E416A1 /* Info.plist */ = {isa = PBXFileReference; lastKnownFileType = text.plist.xml; path = Info.plist; sourceTree = "<group>"; };
		8BC98E161E13AAB800E416A1 /* HJMacrosDemoTests.xctest */ = {isa = PBXFileReference; explicitFileType = wrapper.cfbundle; includeInIndex = 0; path = HJMacrosDemoTests.xctest; sourceTree = BUILT_PRODUCTS_DIR; };
		8BC98E1A1E13AAB800E416A1 /* HJMacrosDemoTests.m */ = {isa = PBXFileReference; lastKnownFileType = sourcecode.c.objc; path = HJMacrosDemoTests.m; sourceTree = "<group>"; };
		8BC98E1C1E13AAB800E416A1 /* Info.plist */ = {isa = PBXFileReference; lastKnownFileType = text.plist.xml; path = Info.plist; sourceTree = "<group>"; };
		8BC98E211E13AAB800E416A1 /* HJMacrosDemoUITests.xctest */ = {isa = PBXFileReference; explicitFileType = wrapper.cfbundle; includeInIndex = 0; path = HJMacrosDemoUITests.xctest; sourceTree = BUILT_PRODUCTS_DIR; };
		8BC98E251E13AAB800E416A1 /* HJMacrosDemoUITests.m */ = {isa = PBXFileReference; lastKnownFileType = sourcecode.c.objc; path = HJMacrosDemoUITests.m; sourceTree = "<group>"; };
		8BC98E271E13AAB800E416A1 /* Info.plist */ = {isa = PBXFileReference; lastKnownFileType = text.plist.xml; path = Info.plist; sourceTree = "<group>"; };
		8BC98E731E13AC4D00E416A1 /* HJMacros.h */ = {isa = PBXFileReference; fileEncoding = 4; lastKnownFileType = sourcecode.c.h; path = HJMacros.h; sourceTree = "<group>"; };
		8BC98E741E13AC4D00E416A1 /* HJMacrosLazyGetter.h */ = {isa = PBXFileReference; fileEncoding = 4; lastKnownFileType = sourcecode.c.h; path = HJMacrosLazyGetter.h; sourceTree = "<group>"; };
/* End PBXFileReference section */

/* Begin PBXFrameworksBuildPhase section */
		8BC98DFA1E13AAB700E416A1 /* Frameworks */ = {
			isa = PBXFrameworksBuildPhase;
			buildActionMask = 2147483647;
			files = (
			);
			runOnlyForDeploymentPostprocessing = 0;
		};
		8BC98E131E13AAB800E416A1 /* Frameworks */ = {
			isa = PBXFrameworksBuildPhase;
			buildActionMask = 2147483647;
			files = (
			);
			runOnlyForDeploymentPostprocessing = 0;
		};
		8BC98E1E1E13AAB800E416A1 /* Frameworks */ = {
			isa = PBXFrameworksBuildPhase;
			buildActionMask = 2147483647;
			files = (
			);
			runOnlyForDeploymentPostprocessing = 0;
		};
/* End PBXFrameworksBuildPhase section */

/* Begin PBXGroup section */
		8B0663EF1E153928001C9B23 /* Demo */ = {
			isa = PBXGroup;
			children = (
				8B0663F01E153928001C9B23 /* HJMacrosLazyGetterDemo.h */,
				8B0663F11E153928001C9B23 /* HJMacrosLazyGetterDemo.m */,
			);
			path = Demo;
			sourceTree = "<group>";
		};
		8B0663F31E15393F001C9B23 /* Vender */ = {
			isa = PBXGroup;
			children = (
				8B0663F41E15393F001C9B23 /* HAMLogOutputWindow+Category.h */,
				8B0663F51E15393F001C9B23 /* HAMLogOutputWindow+Category.m */,
				8B0663F61E15393F001C9B23 /* LogOutputWindow */,
			);
			path = Vender;
			sourceTree = "<group>";
		};
		8B0663F61E15393F001C9B23 /* LogOutputWindow */ = {
			isa = PBXGroup;
			children = (
				8B0663F71E15393F001C9B23 /* HAMLogOutputWindow.h */,
				8B0663F81E15393F001C9B23 /* HAMLogOutputWindow.m */,
			);
			path = LogOutputWindow;
			sourceTree = "<group>";
		};
		8B825FEF1E1CA7B70037EA04 /* Bases */ = {
			isa = PBXGroup;
			children = (
				8B825FF01E1CA7B70037EA04 /* metamacros.h */,
			);
			path = Bases;
			sourceTree = "<group>";
		};
		8BC98DF41E13AAB700E416A1 = {
			isa = PBXGroup;
			children = (
				8BC98DFF1E13AAB700E416A1 /* HJMacrosDemo */,
				8BC98E191E13AAB800E416A1 /* HJMacrosDemoTests */,
				8BC98E241E13AAB800E416A1 /* HJMacrosDemoUITests */,
				8BC98DFE1E13AAB700E416A1 /* Products */,
			);
			sourceTree = "<group>";
		};
		8BC98DFE1E13AAB700E416A1 /* Products */ = {
			isa = PBXGroup;
			children = (
				8BC98DFD1E13AAB700E416A1 /* HJMacrosDemo.app */,
				8BC98E161E13AAB800E416A1 /* HJMacrosDemoTests.xctest */,
				8BC98E211E13AAB800E416A1 /* HJMacrosDemoUITests.xctest */,
			);
			name = Products;
			sourceTree = "<group>";
		};
		8BC98DFF1E13AAB700E416A1 /* HJMacrosDemo */ = {
			isa = PBXGroup;
			children = (
				8BC98E721E13AC4D00E416A1 /* HJMacros */,
				8B0663EF1E153928001C9B23 /* Demo */,
				8BC98E031E13AAB700E416A1 /* AppDelegate.h */,
				8BC98E041E13AAB700E416A1 /* AppDelegate.m */,
				8BC98E061E13AAB700E416A1 /* ViewController.h */,
				8BC98E071E13AAB700E416A1 /* ViewController.m */,
				8BC98E091E13AAB700E416A1 /* Main.storyboard */,
				8BC98E0C1E13AAB700E416A1 /* Assets.xcassets */,
				8BC98E0E1E13AAB700E416A1 /* LaunchScreen.storyboard */,
				8BC98E111E13AAB700E416A1 /* Info.plist */,
				8B0663EB1E15233F001C9B23 /* PrefixHeader.pch */,
				8B0663F31E15393F001C9B23 /* Vender */,
				8BC98E001E13AAB700E416A1 /* Supporting Files */,
			);
			path = HJMacrosDemo;
			sourceTree = "<group>";
		};
		8BC98E001E13AAB700E416A1 /* Supporting Files */ = {
			isa = PBXGroup;
			children = (
				8BC98E011E13AAB700E416A1 /* main.m */,
			);
			name = "Supporting Files";
			sourceTree = "<group>";
		};
		8BC98E191E13AAB800E416A1 /* HJMacrosDemoTests */ = {
			isa = PBXGroup;
			children = (
				8BC98E1A1E13AAB800E416A1 /* HJMacrosDemoTests.m */,
				8BC98E1C1E13AAB800E416A1 /* Info.plist */,
			);
			path = HJMacrosDemoTests;
			sourceTree = "<group>";
		};
		8BC98E241E13AAB800E416A1 /* HJMacrosDemoUITests */ = {
			isa = PBXGroup;
			children = (
				8BC98E251E13AAB800E416A1 /* HJMacrosDemoUITests.m */,
				8BC98E271E13AAB800E416A1 /* Info.plist */,
			);
			path = HJMacrosDemoUITests;
			sourceTree = "<group>";
		};
		8BC98E721E13AC4D00E416A1 /* HJMacros */ = {
			isa = PBXGroup;
			children = (
				8B825FEF1E1CA7B70037EA04 /* Bases */,
				8BC98E731E13AC4D00E416A1 /* HJMacros.h */,
				8BC98E741E13AC4D00E416A1 /* HJMacrosLazyGetter.h */,
			);
			name = HJMacros;
			path = ../../HJMacros;
			sourceTree = "<group>";
		};
/* End PBXGroup section */

/* Begin PBXNativeTarget section */
		8BC98DFC1E13AAB700E416A1 /* HJMacrosDemo */ = {
			isa = PBXNativeTarget;
			buildConfigurationList = 8BC98E2A1E13AAB800E416A1 /* Build configuration list for PBXNativeTarget "HJMacrosDemo" */;
			buildPhases = (
				8BC98DF91E13AAB700E416A1 /* Sources */,
				8BC98DFA1E13AAB700E416A1 /* Frameworks */,
				8BC98DFB1E13AAB700E416A1 /* Resources */,
			);
			buildRules = (
			);
			dependencies = (
			);
			name = HJMacrosDemo;
			productName = HJMacrosDemo;
			productReference = 8BC98DFD1E13AAB700E416A1 /* HJMacrosDemo.app */;
			productType = "com.apple.product-type.application";
		};
		8BC98E151E13AAB800E416A1 /* HJMacrosDemoTests */ = {
			isa = PBXNativeTarget;
			buildConfigurationList = 8BC98E2D1E13AAB800E416A1 /* Build configuration list for PBXNativeTarget "HJMacrosDemoTests" */;
			buildPhases = (
				8BC98E121E13AAB800E416A1 /* Sources */,
				8BC98E131E13AAB800E416A1 /* Frameworks */,
				8BC98E141E13AAB800E416A1 /* Resources */,
			);
			buildRules = (
			);
			dependencies = (
				8BC98E181E13AAB800E416A1 /* PBXTargetDependency */,
			);
			name = HJMacrosDemoTests;
			productName = HJMacrosDemoTests;
			productReference = 8BC98E161E13AAB800E416A1 /* HJMacrosDemoTests.xctest */;
			productType = "com.apple.product-type.bundle.unit-test";
		};
		8BC98E201E13AAB800E416A1 /* HJMacrosDemoUITests */ = {
			isa = PBXNativeTarget;
			buildConfigurationList = 8BC98E301E13AAB800E416A1 /* Build configuration list for PBXNativeTarget "HJMacrosDemoUITests" */;
			buildPhases = (
				8BC98E1D1E13AAB800E416A1 /* Sources */,
				8BC98E1E1E13AAB800E416A1 /* Frameworks */,
				8BC98E1F1E13AAB800E416A1 /* Resources */,
			);
			buildRules = (
			);
			dependencies = (
				8BC98E231E13AAB800E416A1 /* PBXTargetDependency */,
			);
			name = HJMacrosDemoUITests;
			productName = HJMacrosDemoUITests;
			productReference = 8BC98E211E13AAB800E416A1 /* HJMacrosDemoUITests.xctest */;
			productType = "com.apple.product-type.bundle.ui-testing";
		};
/* End PBXNativeTarget section */

/* Begin PBXProject section */
		8BC98DF51E13AAB700E416A1 /* Project object */ = {
			isa = PBXProject;
			attributes = {
				LastUpgradeCheck = 0810;
				ORGANIZATIONNAME = HaijunGu;
				TargetAttributes = {
					8BC98DFC1E13AAB700E416A1 = {
						CreatedOnToolsVersion = 8.1;
						DevelopmentTeam = WN86VZD5FW;
						ProvisioningStyle = Automatic;
					};
					8BC98E151E13AAB800E416A1 = {
						CreatedOnToolsVersion = 8.1;
						DevelopmentTeam = WN86VZD5FW;
						ProvisioningStyle = Automatic;
						TestTargetID = 8BC98DFC1E13AAB700E416A1;
					};
					8BC98E201E13AAB800E416A1 = {
						CreatedOnToolsVersion = 8.1;
						DevelopmentTeam = WN86VZD5FW;
						ProvisioningStyle = Automatic;
						TestTargetID = 8BC98DFC1E13AAB700E416A1;
					};
				};
			};
			buildConfigurationList = 8BC98DF81E13AAB700E416A1 /* Build configuration list for PBXProject "HJMacrosDemo" */;
			compatibilityVersion = "Xcode 3.2";
			developmentRegion = English;
			hasScannedForEncodings = 0;
			knownRegions = (
				en,
				Base,
			);
			mainGroup = 8BC98DF41E13AAB700E416A1;
			productRefGroup = 8BC98DFE1E13AAB700E416A1 /* Products */;
			projectDirPath = "";
			projectRoot = "";
			targets = (
				8BC98DFC1E13AAB700E416A1 /* HJMacrosDemo */,
				8BC98E151E13AAB800E416A1 /* HJMacrosDemoTests */,
				8BC98E201E13AAB800E416A1 /* HJMacrosDemoUITests */,
			);
		};
/* End PBXProject section */

/* Begin PBXResourcesBuildPhase section */
		8BC98DFB1E13AAB700E416A1 /* Resources */ = {
			isa = PBXResourcesBuildPhase;
			buildActionMask = 2147483647;
			files = (
				8BC98E101E13AAB700E416A1 /* LaunchScreen.storyboard in Resources */,
				8BC98E0D1E13AAB700E416A1 /* Assets.xcassets in Resources */,
				8BC98E0B1E13AAB700E416A1 /* Main.storyboard in Resources */,
			);
			runOnlyForDeploymentPostprocessing = 0;
		};
		8BC98E141E13AAB800E416A1 /* Resources */ = {
			isa = PBXResourcesBuildPhase;
			buildActionMask = 2147483647;
			files = (
			);
			runOnlyForDeploymentPostprocessing = 0;
		};
		8BC98E1F1E13AAB800E416A1 /* Resources */ = {
			isa = PBXResourcesBuildPhase;
			buildActionMask = 2147483647;
			files = (
			);
			runOnlyForDeploymentPostprocessing = 0;
		};
/* End PBXResourcesBuildPhase section */

/* Begin PBXSourcesBuildPhase section */
		8BC98DF91E13AAB700E416A1 /* Sources */ = {
			isa = PBXSourcesBuildPhase;
			buildActionMask = 2147483647;
			files = (
				8B0663F21E153928001C9B23 /* HJMacrosLazyGetterDemo.m in Sources */,
				8BC98E081E13AAB700E416A1 /* ViewController.m in Sources */,
				8B0663F91E15393F001C9B23 /* HAMLogOutputWindow+Category.m in Sources */,
				8BC98E051E13AAB700E416A1 /* AppDelegate.m in Sources */,
				8B0663FA1E15393F001C9B23 /* HAMLogOutputWindow.m in Sources */,
				8BC98E021E13AAB700E416A1 /* main.m in Sources */,
			);
			runOnlyForDeploymentPostprocessing = 0;
		};
		8BC98E121E13AAB800E416A1 /* Sources */ = {
			isa = PBXSourcesBuildPhase;
			buildActionMask = 2147483647;
			files = (
				8BC98E1B1E13AAB800E416A1 /* HJMacrosDemoTests.m in Sources */,
			);
			runOnlyForDeploymentPostprocessing = 0;
		};
		8BC98E1D1E13AAB800E416A1 /* Sources */ = {
			isa = PBXSourcesBuildPhase;
			buildActionMask = 2147483647;
			files = (
				8BC98E261E13AAB800E416A1 /* HJMacrosDemoUITests.m in Sources */,
			);
			runOnlyForDeploymentPostprocessing = 0;
		};
/* End PBXSourcesBuildPhase section */

/* Begin PBXTargetDependency section */
		8BC98E181E13AAB800E416A1 /* PBXTargetDependency */ = {
			isa = PBXTargetDependency;
			target = 8BC98DFC1E13AAB700E416A1 /* HJMacrosDemo */;
			targetProxy = 8BC98E171E13AAB800E416A1 /* PBXContainerItemProxy */;
		};
		8BC98E231E13AAB800E416A1 /* PBXTargetDependency */ = {
			isa = PBXTargetDependency;
			target = 8BC98DFC1E13AAB700E416A1 /* HJMacrosDemo */;
			targetProxy = 8BC98E221E13AAB800E416A1 /* PBXContainerItemProxy */;
		};
/* End PBXTargetDependency section */

/* Begin PBXVariantGroup section */
		8BC98E091E13AAB700E416A1 /* Main.storyboard */ = {
			isa = PBXVariantGroup;
			children = (
				8BC98E0A1E13AAB700E416A1 /* Base */,
			);
			name = Main.storyboard;
			sourceTree = "<group>";
		};
		8BC98E0E1E13AAB700E416A1 /* LaunchScreen.storyboard */ = {
			isa = PBXVariantGroup;
			children = (
				8BC98E0F1E13AAB700E416A1 /* Base */,
			);
			name = LaunchScreen.storyboard;
			sourceTree = "<group>";
		};
/* End PBXVariantGroup section */

/* Begin XCBuildConfiguration section */
		8BC98E281E13AAB800E416A1 /* Debug */ = {
			isa = XCBuildConfiguration;
			buildSettings = {
				ALWAYS_SEARCH_USER_PATHS = NO;
				CLANG_ANALYZER_NONNULL = YES;
				CLANG_CXX_LANGUAGE_STANDARD = "gnu++0x";
				CLANG_CXX_LIBRARY = "libc++";
				CLANG_ENABLE_MODULES = YES;
				CLANG_ENABLE_OBJC_ARC = YES;
				CLANG_WARN_BOOL_CONVERSION = YES;
				CLANG_WARN_CONSTANT_CONVERSION = YES;
				CLANG_WARN_DIRECT_OBJC_ISA_USAGE = YES_ERROR;
				CLANG_WARN_DOCUMENTATION_COMMENTS = YES;
				CLANG_WARN_EMPTY_BODY = YES;
				CLANG_WARN_ENUM_CONVERSION = YES;
				CLANG_WARN_INFINITE_RECURSION = YES;
				CLANG_WARN_INT_CONVERSION = YES;
				CLANG_WARN_OBJC_ROOT_CLASS = YES_ERROR;
				CLANG_WARN_SUSPICIOUS_MOVES = YES;
				CLANG_WARN_UNREACHABLE_CODE = YES;
				CLANG_WARN__DUPLICATE_METHOD_MATCH = YES;
				"CODE_SIGN_IDENTITY[sdk=iphoneos*]" = "iPhone Developer";
				COPY_PHASE_STRIP = NO;
				DEBUG_INFORMATION_FORMAT = dwarf;
				ENABLE_STRICT_OBJC_MSGSEND = YES;
				ENABLE_TESTABILITY = YES;
				GCC_C_LANGUAGE_STANDARD = gnu99;
				GCC_DYNAMIC_NO_PIC = NO;
				GCC_NO_COMMON_BLOCKS = YES;
				GCC_OPTIMIZATION_LEVEL = 0;
				GCC_PREPROCESSOR_DEFINITIONS = (
					"DEBUG=1",
					"$(inherited)",
				);
				GCC_WARN_64_TO_32_BIT_CONVERSION = YES;
				GCC_WARN_ABOUT_RETURN_TYPE = YES_ERROR;
				GCC_WARN_UNDECLARED_SELECTOR = YES;
				GCC_WARN_UNINITIALIZED_AUTOS = YES_AGGRESSIVE;
				GCC_WARN_UNUSED_FUNCTION = YES;
				GCC_WARN_UNUSED_VARIABLE = YES;
				IPHONEOS_DEPLOYMENT_TARGET = 10.1;
				MTL_ENABLE_DEBUG_INFO = YES;
				ONLY_ACTIVE_ARCH = YES;
				SDKROOT = iphoneos;
			};
			name = Debug;
		};
		8BC98E291E13AAB800E416A1 /* Release */ = {
			isa = XCBuildConfiguration;
			buildSettings = {
				ALWAYS_SEARCH_USER_PATHS = NO;
				CLANG_ANALYZER_NONNULL = YES;
				CLANG_CXX_LANGUAGE_STANDARD = "gnu++0x";
				CLANG_CXX_LIBRARY = "libc++";
				CLANG_ENABLE_MODULES = YES;
				CLANG_ENABLE_OBJC_ARC = YES;
				CLANG_WARN_BOOL_CONVERSION = YES;
				CLANG_WARN_CONSTANT_CONVERSION = YES;
				CLANG_WARN_DIRECT_OBJC_ISA_USAGE = YES_ERROR;
				CLANG_WARN_DOCUMENTATION_COMMENTS = YES;
				CLANG_WARN_EMPTY_BODY = YES;
				CLANG_WARN_ENUM_CONVERSION = YES;
				CLANG_WARN_INFINITE_RECURSION = YES;
				CLANG_WARN_INT_CONVERSION = YES;
				CLANG_WARN_OBJC_ROOT_CLASS = YES_ERROR;
				CLANG_WARN_SUSPICIOUS_MOVES = YES;
				CLANG_WARN_UNREACHABLE_CODE = YES;
				CLANG_WARN__DUPLICATE_METHOD_MATCH = YES;
				"CODE_SIGN_IDENTITY[sdk=iphoneos*]" = "iPhone Developer";
				COPY_PHASE_STRIP = NO;
				DEBUG_INFORMATION_FORMAT = "dwarf-with-dsym";
				ENABLE_NS_ASSERTIONS = NO;
				ENABLE_STRICT_OBJC_MSGSEND = YES;
				GCC_C_LANGUAGE_STANDARD = gnu99;
				GCC_NO_COMMON_BLOCKS = YES;
				GCC_WARN_64_TO_32_BIT_CONVERSION = YES;
				GCC_WARN_ABOUT_RETURN_TYPE = YES_ERROR;
				GCC_WARN_UNDECLARED_SELECTOR = YES;
				GCC_WARN_UNINITIALIZED_AUTOS = YES_AGGRESSIVE;
				GCC_WARN_UNUSED_FUNCTION = YES;
				GCC_WARN_UNUSED_VARIABLE = YES;
				IPHONEOS_DEPLOYMENT_TARGET = 10.1;
				MTL_ENABLE_DEBUG_INFO = NO;
				SDKROOT = iphoneos;
				VALIDATE_PRODUCT = YES;
			};
			name = Release;
		};
		8BC98E2B1E13AAB800E416A1 /* Debug */ = {
			isa = XCBuildConfiguration;
			buildSettings = {
				ASSETCATALOG_COMPILER_APPICON_NAME = AppIcon;
				DEVELOPMENT_TEAM = WN86VZD5FW;
				GCC_PREFIX_HEADER = "$(SRCROOT)/HJMacrosDemo/PrefixHeader.pch";
				INFOPLIST_FILE = HJMacrosDemo/Info.plist;
				LD_RUNPATH_SEARCH_PATHS = "$(inherited) @executable_path/Frameworks";
				PRODUCT_BUNDLE_IDENTIFIER = com.HaijunGu.HJMacrosDemo;
				PRODUCT_NAME = "$(TARGET_NAME)";
			};
			name = Debug;
		};
		8BC98E2C1E13AAB800E416A1 /* Release */ = {
			isa = XCBuildConfiguration;
			buildSettings = {
				ASSETCATALOG_COMPILER_APPICON_NAME = AppIcon;
				DEVELOPMENT_TEAM = WN86VZD5FW;
				GCC_PREFIX_HEADER = "$(SRCROOT)/HJMacrosDemo/PrefixHeader.pch";
				INFOPLIST_FILE = HJMacrosDemo/Info.plist;
				LD_RUNPATH_SEARCH_PATHS = "$(inherited) @executable_path/Frameworks";
				PRODUCT_BUNDLE_IDENTIFIER = com.HaijunGu.HJMacrosDemo;
				PRODUCT_NAME = "$(TARGET_NAME)";
			};
			name = Release;
		};
		8BC98E2E1E13AAB800E416A1 /* Debug */ = {
			isa = XCBuildConfiguration;
			buildSettings = {
				BUNDLE_LOADER = "$(TEST_HOST)";
				DEVELOPMENT_TEAM = WN86VZD5FW;
				INFOPLIST_FILE = HJMacrosDemoTests/Info.plist;
				LD_RUNPATH_SEARCH_PATHS = "$(inherited) @executable_path/Frameworks @loader_path/Frameworks";
				PRODUCT_BUNDLE_IDENTIFIER = com.HaijunGu.HJMacrosDemoTests;
				PRODUCT_NAME = "$(TARGET_NAME)";
				TEST_HOST = "$(BUILT_PRODUCTS_DIR)/HJMacrosDemo.app/HJMacrosDemo";
			};
			name = Debug;
		};
		8BC98E2F1E13AAB800E416A1 /* Release */ = {
			isa = XCBuildConfiguration;
			buildSettings = {
				BUNDLE_LOADER = "$(TEST_HOST)";
				DEVELOPMENT_TEAM = WN86VZD5FW;
				INFOPLIST_FILE = HJMacrosDemoTests/Info.plist;
				LD_RUNPATH_SEARCH_PATHS = "$(inherited) @executable_path/Frameworks @loader_path/Frameworks";
				PRODUCT_BUNDLE_IDENTIFIER = com.HaijunGu.HJMacrosDemoTests;
				PRODUCT_NAME = "$(TARGET_NAME)";
				TEST_HOST = "$(BUILT_PRODUCTS_DIR)/HJMacrosDemo.app/HJMacrosDemo";
			};
			name = Release;
		};
		8BC98E311E13AAB800E416A1 /* Debug */ = {
			isa = XCBuildConfiguration;
			buildSettings = {
				DEVELOPMENT_TEAM = WN86VZD5FW;
				INFOPLIST_FILE = HJMacrosDemoUITests/Info.plist;
				LD_RUNPATH_SEARCH_PATHS = "$(inherited) @executable_path/Frameworks @loader_path/Frameworks";
				PRODUCT_BUNDLE_IDENTIFIER = com.HaijunGu.HJMacrosDemoUITests;
				PRODUCT_NAME = "$(TARGET_NAME)";
				TEST_TARGET_NAME = HJMacrosDemo;
			};
			name = Debug;
		};
		8BC98E321E13AAB800E416A1 /* Release */ = {
			isa = XCBuildConfiguration;
			buildSettings = {
				DEVELOPMENT_TEAM = WN86VZD5FW;
				INFOPLIST_FILE = HJMacrosDemoUITests/Info.plist;
				LD_RUNPATH_SEARCH_PATHS = "$(inherited) @executable_path/Frameworks @loader_path/Frameworks";
				PRODUCT_BUNDLE_IDENTIFIER = com.HaijunGu.HJMacrosDemoUITests;
				PRODUCT_NAME = "$(TARGET_NAME)";
				TEST_TARGET_NAME = HJMacrosDemo;
			};
			name = Release;
		};
/* End XCBuildConfiguration section */

/* Begin XCConfigurationList section */
		8BC98DF81E13AAB700E416A1 /* Build configuration list for PBXProject "HJMacrosDemo" */ = {
			isa = XCConfigurationList;
			buildConfigurations = (
				8BC98E281E13AAB800E416A1 /* Debug */,
				8BC98E291E13AAB800E416A1 /* Release */,
			);
			defaultConfigurationIsVisible = 0;
			defaultConfigurationName = Release;
		};
		8BC98E2A1E13AAB800E416A1 /* Build configuration list for PBXNativeTarget "HJMacrosDemo" */ = {
			isa = XCConfigurationList;
			buildConfigurations = (
				8BC98E2B1E13AAB800E416A1 /* Debug */,
				8BC98E2C1E13AAB800E416A1 /* Release */,
			);
			defaultConfigurationIsVisible = 0;
			defaultConfigurationName = Release;
		};
		8BC98E2D1E13AAB800E416A1 /* Build configuration list for PBXNativeTarget "HJMacrosDemoTests" */ = {
			isa = XCConfigurationList;
			buildConfigurations = (
				8BC98E2E1E13AAB800E416A1 /* Debug */,
				8BC98E2F1E13AAB800E416A1 /* Release */,
			);
			defaultConfigurationIsVisible = 0;
			defaultConfigurationName = Release;
		};
		8BC98E301E13AAB800E416A1 /* Build configuration list for PBXNativeTarget "HJMacrosDemoUITests" */ = {
			isa = XCConfigurationList;
			buildConfigurations = (
				8BC98E311E13AAB800E416A1 /* Debug */,
				8BC98E321E13AAB800E416A1 /* Release */,
			);
			defaultConfigurationIsVisible = 0;
			defaultConfigurationName = Release;
		};
/* End XCConfigurationList section */
	};
	rootObject = 8BC98DF51E13AAB700E416A1 /* Project object */;
}
