// !$*UTF8*$!
{
	archiveVersion = 1;
	classes = {
	};
	objectVersion = 46;
	objects = {

/* Begin PBXBuildFile section */
		508D476DFC3B83CCAFF79A26 /* Pods_NNMacrosDemo.framework in Frameworks */ = {isa = PBXBuildFile; fileRef = 297894B13D80AA92C40BE0F6 /* Pods_NNMacrosDemo.framework */; };
		7A4833652356F30400ACE8E1 /* NNMacrosSynthesizeDemo.m in Sources */ = {isa = PBXBuildFile; fileRef = 7A4833642356F30400ACE8E1 /* NNMacrosSynthesizeDemo.m */; };
		7ADD1053235D5A3A00696013 /* NNMacrosScopeDemo.m in Sources */ = {isa = PBXBuildFile; fileRef = 7ADD1052235D5A3A00696013 /* NNMacrosScopeDemo.m */; };
		8B0663F21E153928001C9B23 /* NNMacrosLazyGetterDemo.m in Sources */ = {isa = PBXBuildFile; fileRef = 8B0663F11E153928001C9B23 /* NNMacrosLazyGetterDemo.m */; };
		8B8260151E1F307F0037EA04 /* NNMacrosSandboxPathDemo.m in Sources */ = {isa = PBXBuildFile; fileRef = 8B8260141E1F307F0037EA04 /* NNMacrosSandboxPathDemo.m */; };
		8B8260181E1F30B80037EA04 /* NNMacrosScreenDemo.m in Sources */ = {isa = PBXBuildFile; fileRef = 8B8260171E1F30B80037EA04 /* NNMacrosScreenDemo.m */; };
		8B82601B1E1F30ED0037EA04 /* NNMacrosAppDemo.m in Sources */ = {isa = PBXBuildFile; fileRef = 8B82601A1E1F30ED0037EA04 /* NNMacrosAppDemo.m */; };
		8B82601E1E1F31190037EA04 /* NNMacrosStringDemo.m in Sources */ = {isa = PBXBuildFile; fileRef = 8B82601D1E1F31190037EA04 /* NNMacrosStringDemo.m */; };
		8B8260221E1F73840037EA04 /* NNMacrosDeviceDemo.m in Sources */ = {isa = PBXBuildFile; fileRef = 8B8260211E1F73840037EA04 /* NNMacrosDeviceDemo.m */; };
		8BC98E021E13AAB700E416A1 /* main.m in Sources */ = {isa = PBXBuildFile; fileRef = 8BC98E011E13AAB700E416A1 /* main.m */; };
		8BC98E051E13AAB700E416A1 /* AppDelegate.m in Sources */ = {isa = PBXBuildFile; fileRef = 8BC98E041E13AAB700E416A1 /* AppDelegate.m */; };
		8BC98E081E13AAB700E416A1 /* ViewController.m in Sources */ = {isa = PBXBuildFile; fileRef = 8BC98E071E13AAB700E416A1 /* ViewController.m */; };
		8BC98E0B1E13AAB700E416A1 /* Main.storyboard in Resources */ = {isa = PBXBuildFile; fileRef = 8BC98E091E13AAB700E416A1 /* Main.storyboard */; };
		8BC98E0D1E13AAB700E416A1 /* Assets.xcassets in Resources */ = {isa = PBXBuildFile; fileRef = 8BC98E0C1E13AAB700E416A1 /* Assets.xcassets */; };
		8BC98E101E13AAB700E416A1 /* LaunchScreen.storyboard in Resources */ = {isa = PBXBuildFile; fileRef = 8BC98E0E1E13AAB700E416A1 /* LaunchScreen.storyboard */; };
		8BC98E1B1E13AAB800E416A1 /* NNMacrosDemoTests.m in Sources */ = {isa = PBXBuildFile; fileRef = 8BC98E1A1E13AAB800E416A1 /* NNMacrosDemoTests.m */; };
		8BC98E261E13AAB800E416A1 /* NNMacrosDemoUITests.m in Sources */ = {isa = PBXBuildFile; fileRef = 8BC98E251E13AAB800E416A1 /* NNMacrosDemoUITests.m */; };
/* End PBXBuildFile section */

/* Begin PBXContainerItemProxy section */
		8BC98E171E13AAB800E416A1 /* PBXContainerItemProxy */ = {
			isa = PBXContainerItemProxy;
			containerPortal = 8BC98DF51E13AAB700E416A1 /* Project object */;
			proxyType = 1;
			remoteGlobalIDString = 8BC98DFC1E13AAB700E416A1;
			remoteInfo = NNMacrosDemo;
		};
		8BC98E221E13AAB800E416A1 /* PBXContainerItemProxy */ = {
			isa = PBXContainerItemProxy;
			containerPortal = 8BC98DF51E13AAB700E416A1 /* Project object */;
			proxyType = 1;
			remoteGlobalIDString = 8BC98DFC1E13AAB700E416A1;
			remoteInfo = NNMacrosDemo;
		};
/* End PBXContainerItemProxy section */

/* Begin PBXFileReference section */
		297894B13D80AA92C40BE0F6 /* Pods_NNMacrosDemo.framework */ = {isa = PBXFileReference; explicitFileType = wrapper.framework; includeInIndex = 0; path = Pods_NNMacrosDemo.framework; sourceTree = BUILT_PRODUCTS_DIR; };
		5F11B7893DF6F6A86B418396 /* Pods-NNMacrosDemo.debug.xcconfig */ = {isa = PBXFileReference; includeInIndex = 1; lastKnownFileType = text.xcconfig; name = "Pods-NNMacrosDemo.debug.xcconfig"; path = "Target Support Files/Pods-NNMacrosDemo/Pods-NNMacrosDemo.debug.xcconfig"; sourceTree = "<group>"; };
		7A48335B2356DC7100ACE8E1 /* NNMacros.framework */ = {isa = PBXFileReference; explicitFileType = wrapper.framework; path = NNMacros.framework; sourceTree = BUILT_PRODUCTS_DIR; };
		7A4833632356F30400ACE8E1 /* NNMacrosSynthesizeDemo.h */ = {isa = PBXFileReference; lastKnownFileType = sourcecode.c.h; path = NNMacrosSynthesizeDemo.h; sourceTree = "<group>"; };
		7A4833642356F30400ACE8E1 /* NNMacrosSynthesizeDemo.m */ = {isa = PBXFileReference; lastKnownFileType = sourcecode.c.objc; path = NNMacrosSynthesizeDemo.m; sourceTree = "<group>"; };
		7AD9042A233DCCA100A4ABF8 /* NNMacrosDemoProtocol.h */ = {isa = PBXFileReference; lastKnownFileType = sourcecode.c.h; path = NNMacrosDemoProtocol.h; sourceTree = "<group>"; };
		7ADD1051235D5A3A00696013 /* NNMacrosScopeDemo.h */ = {isa = PBXFileReference; lastKnownFileType = sourcecode.c.h; path = NNMacrosScopeDemo.h; sourceTree = "<group>"; };
		7ADD1052235D5A3A00696013 /* NNMacrosScopeDemo.m */ = {isa = PBXFileReference; lastKnownFileType = sourcecode.c.objc; path = NNMacrosScopeDemo.m; sourceTree = "<group>"; };
		8B0663EB1E15233F001C9B23 /* PrefixHeader.pch */ = {isa = PBXFileReference; fileEncoding = 4; lastKnownFileType = sourcecode.c.h; path = PrefixHeader.pch; sourceTree = "<group>"; };
		8B0663F01E153928001C9B23 /* NNMacrosLazyGetterDemo.h */ = {isa = PBXFileReference; fileEncoding = 4; lastKnownFileType = sourcecode.c.h; path = NNMacrosLazyGetterDemo.h; sourceTree = "<group>"; };
		8B0663F11E153928001C9B23 /* NNMacrosLazyGetterDemo.m */ = {isa = PBXFileReference; fileEncoding = 4; lastKnownFileType = sourcecode.c.objc; path = NNMacrosLazyGetterDemo.m; sourceTree = "<group>"; };
		8B8260121E1F301D0037EA04 /* NNMacrosShortHead.h */ = {isa = PBXFileReference; lastKnownFileType = sourcecode.c.h; path = NNMacrosShortHead.h; sourceTree = "<group>"; };
		8B8260131E1F307F0037EA04 /* NNMacrosSandboxPathDemo.h */ = {isa = PBXFileReference; fileEncoding = 4; lastKnownFileType = sourcecode.c.h; path = NNMacrosSandboxPathDemo.h; sourceTree = "<group>"; };
		8B8260141E1F307F0037EA04 /* NNMacrosSandboxPathDemo.m */ = {isa = PBXFileReference; fileEncoding = 4; lastKnownFileType = sourcecode.c.objc; path = NNMacrosSandboxPathDemo.m; sourceTree = "<group>"; };
		8B8260161E1F30B80037EA04 /* NNMacrosScreenDemo.h */ = {isa = PBXFileReference; fileEncoding = 4; lastKnownFileType = sourcecode.c.h; path = NNMacrosScreenDemo.h; sourceTree = "<group>"; };
		8B8260171E1F30B80037EA04 /* NNMacrosScreenDemo.m */ = {isa = PBXFileReference; fileEncoding = 4; lastKnownFileType = sourcecode.c.objc; path = NNMacrosScreenDemo.m; sourceTree = "<group>"; };
		8B8260191E1F30ED0037EA04 /* NNMacrosAppDemo.h */ = {isa = PBXFileReference; fileEncoding = 4; lastKnownFileType = sourcecode.c.h; path = NNMacrosAppDemo.h; sourceTree = "<group>"; };
		8B82601A1E1F30ED0037EA04 /* NNMacrosAppDemo.m */ = {isa = PBXFileReference; fileEncoding = 4; lastKnownFileType = sourcecode.c.objc; path = NNMacrosAppDemo.m; sourceTree = "<group>"; };
		8B82601C1E1F31190037EA04 /* NNMacrosStringDemo.h */ = {isa = PBXFileReference; fileEncoding = 4; lastKnownFileType = sourcecode.c.h; path = NNMacrosStringDemo.h; sourceTree = "<group>"; };
		8B82601D1E1F31190037EA04 /* NNMacrosStringDemo.m */ = {isa = PBXFileReference; fileEncoding = 4; lastKnownFileType = sourcecode.c.objc; path = NNMacrosStringDemo.m; sourceTree = "<group>"; };
		8B82601F1E1F4E700037EA04 /* NNMacrosDemo.h */ = {isa = PBXFileReference; lastKnownFileType = sourcecode.c.h; path = NNMacrosDemo.h; sourceTree = "<group>"; };
		8B8260201E1F73840037EA04 /* NNMacrosDeviceDemo.h */ = {isa = PBXFileReference; fileEncoding = 4; lastKnownFileType = sourcecode.c.h; path = NNMacrosDeviceDemo.h; sourceTree = "<group>"; };
		8B8260211E1F73840037EA04 /* NNMacrosDeviceDemo.m */ = {isa = PBXFileReference; fileEncoding = 4; lastKnownFileType = sourcecode.c.objc; path = NNMacrosDeviceDemo.m; sourceTree = "<group>"; };
		8BC98DFD1E13AAB700E416A1 /* NNMacrosDemo.app */ = {isa = PBXFileReference; explicitFileType = wrapper.application; includeInIndex = 0; path = NNMacrosDemo.app; sourceTree = BUILT_PRODUCTS_DIR; };
		8BC98E011E13AAB700E416A1 /* main.m */ = {isa = PBXFileReference; lastKnownFileType = sourcecode.c.objc; path = main.m; sourceTree = "<group>"; };
		8BC98E031E13AAB700E416A1 /* AppDelegate.h */ = {isa = PBXFileReference; lastKnownFileType = sourcecode.c.h; path = AppDelegate.h; sourceTree = "<group>"; };
		8BC98E041E13AAB700E416A1 /* AppDelegate.m */ = {isa = PBXFileReference; lastKnownFileType = sourcecode.c.objc; path = AppDelegate.m; sourceTree = "<group>"; };
		8BC98E061E13AAB700E416A1 /* ViewController.h */ = {isa = PBXFileReference; lastKnownFileType = sourcecode.c.h; path = ViewController.h; sourceTree = "<group>"; };
		8BC98E071E13AAB700E416A1 /* ViewController.m */ = {isa = PBXFileReference; lastKnownFileType = sourcecode.c.objc; path = ViewController.m; sourceTree = "<group>"; };
		8BC98E0A1E13AAB700E416A1 /* Base */ = {isa = PBXFileReference; lastKnownFileType = file.storyboard; name = Base; path = Base.lproj/Main.storyboard; sourceTree = "<group>"; };
		8BC98E0C1E13AAB700E416A1 /* Assets.xcassets */ = {isa = PBXFileReference; lastKnownFileType = folder.assetcatalog; path = Assets.xcassets; sourceTree = "<group>"; };
		8BC98E0F1E13AAB700E416A1 /* Base */ = {isa = PBXFileReference; lastKnownFileType = file.storyboard; name = Base; path = Base.lproj/LaunchScreen.storyboard; sourceTree = "<group>"; };
		8BC98E111E13AAB700E416A1 /* Info.plist */ = {isa = PBXFileReference; lastKnownFileType = text.plist.xml; path = Info.plist; sourceTree = "<group>"; };
		8BC98E161E13AAB800E416A1 /* NNMacrosDemoTests.xctest */ = {isa = PBXFileReference; explicitFileType = wrapper.cfbundle; includeInIndex = 0; path = NNMacrosDemoTests.xctest; sourceTree = BUILT_PRODUCTS_DIR; };
		8BC98E1A1E13AAB800E416A1 /* NNMacrosDemoTests.m */ = {isa = PBXFileReference; lastKnownFileType = sourcecode.c.objc; path = NNMacrosDemoTests.m; sourceTree = "<group>"; };
		8BC98E1C1E13AAB800E416A1 /* Info.plist */ = {isa = PBXFileReference; lastKnownFileType = text.plist.xml; path = Info.plist; sourceTree = "<group>"; };
		8BC98E211E13AAB800E416A1 /* NNMacrosDemoUITests.xctest */ = {isa = PBXFileReference; explicitFileType = wrapper.cfbundle; includeInIndex = 0; path = NNMacrosDemoUITests.xctest; sourceTree = BUILT_PRODUCTS_DIR; };
		8BC98E251E13AAB800E416A1 /* NNMacrosDemoUITests.m */ = {isa = PBXFileReference; lastKnownFileType = sourcecode.c.objc; path = NNMacrosDemoUITests.m; sourceTree = "<group>"; };
		8BC98E271E13AAB800E416A1 /* Info.plist */ = {isa = PBXFileReference; lastKnownFileType = text.plist.xml; path = Info.plist; sourceTree = "<group>"; };
		8E71B663B3BF76B477A1FE27 /* Pods-NNMacrosDemo.release.xcconfig */ = {isa = PBXFileReference; includeInIndex = 1; lastKnownFileType = text.xcconfig; name = "Pods-NNMacrosDemo.release.xcconfig"; path = "Target Support Files/Pods-NNMacrosDemo/Pods-NNMacrosDemo.release.xcconfig"; sourceTree = "<group>"; };
/* End PBXFileReference section */

/* Begin PBXFrameworksBuildPhase section */
		8BC98DFA1E13AAB700E416A1 /* Frameworks */ = {
			isa = PBXFrameworksBuildPhase;
			buildActionMask = 2147483647;
			files = (
				508D476DFC3B83CCAFF79A26 /* Pods_NNMacrosDemo.framework in Frameworks */,
			);
			runOnlyForDeploymentPostprocessing = 0;
		};
		8BC98E131E13AAB800E416A1 /* Frameworks */ = {
			isa = PBXFrameworksBuildPhase;
			buildActionMask = 2147483647;
			files = (
			);
			runOnlyForDeploymentPostprocessing = 0;
		};
		8BC98E1E1E13AAB800E416A1 /* Frameworks */ = {
			isa = PBXFrameworksBuildPhase;
			buildActionMask = 2147483647;
			files = (
			);
			runOnlyForDeploymentPostprocessing = 0;
		};
/* End PBXFrameworksBuildPhase section */

/* Begin PBXGroup section */
		670F8DD820C12373004CB3E9 /* Frameworks */ = {
			isa = PBXGroup;
			children = (
				7A48335B2356DC7100ACE8E1 /* NNMacros.framework */,
				297894B13D80AA92C40BE0F6 /* Pods_NNMacrosDemo.framework */,
			);
			name = Frameworks;
			sourceTree = "<group>";
		};
		8B0663EF1E153928001C9B23 /* Demo */ = {
			isa = PBXGroup;
			children = (
				8B82601F1E1F4E700037EA04 /* NNMacrosDemo.h */,
				7AD9042A233DCCA100A4ABF8 /* NNMacrosDemoProtocol.h */,
				8B8260191E1F30ED0037EA04 /* NNMacrosAppDemo.h */,
				8B82601A1E1F30ED0037EA04 /* NNMacrosAppDemo.m */,
				7ADD1051235D5A3A00696013 /* NNMacrosScopeDemo.h */,
				7ADD1052235D5A3A00696013 /* NNMacrosScopeDemo.m */,
				8B8260201E1F73840037EA04 /* NNMacrosDeviceDemo.h */,
				8B8260211E1F73840037EA04 /* NNMacrosDeviceDemo.m */,
				8B0663F01E153928001C9B23 /* NNMacrosLazyGetterDemo.h */,
				8B0663F11E153928001C9B23 /* NNMacrosLazyGetterDemo.m */,
				7A4833632356F30400ACE8E1 /* NNMacrosSynthesizeDemo.h */,
				7A4833642356F30400ACE8E1 /* NNMacrosSynthesizeDemo.m */,
				8B8260131E1F307F0037EA04 /* NNMacrosSandboxPathDemo.h */,
				8B8260141E1F307F0037EA04 /* NNMacrosSandboxPathDemo.m */,
				8B8260161E1F30B80037EA04 /* NNMacrosScreenDemo.h */,
				8B8260171E1F30B80037EA04 /* NNMacrosScreenDemo.m */,
				8B82601C1E1F31190037EA04 /* NNMacrosStringDemo.h */,
				8B82601D1E1F31190037EA04 /* NNMacrosStringDemo.m */,
				8B8260121E1F301D0037EA04 /* NNMacrosShortHead.h */,
			);
			path = Demo;
			sourceTree = "<group>";
		};
		8BC98DF41E13AAB700E416A1 = {
			isa = PBXGroup;
			children = (
				8BC98DFF1E13AAB700E416A1 /* NNMacrosDemo */,
				8BC98E191E13AAB800E416A1 /* NNMacrosDemoTests */,
				8BC98E241E13AAB800E416A1 /* NNMacrosDemoUITests */,
				8BC98DFE1E13AAB700E416A1 /* Products */,
				670F8DD820C12373004CB3E9 /* Frameworks */,
				AC6E6C7CF1D2B991819E08D6 /* Pods */,
			);
			sourceTree = "<group>";
		};
		8BC98DFE1E13AAB700E416A1 /* Products */ = {
			isa = PBXGroup;
			children = (
				8BC98DFD1E13AAB700E416A1 /* NNMacrosDemo.app */,
				8BC98E161E13AAB800E416A1 /* NNMacrosDemoTests.xctest */,
				8BC98E211E13AAB800E416A1 /* NNMacrosDemoUITests.xctest */,
			);
			name = Products;
			sourceTree = "<group>";
		};
		8BC98DFF1E13AAB700E416A1 /* NNMacrosDemo */ = {
			isa = PBXGroup;
			children = (
				8B0663EF1E153928001C9B23 /* Demo */,
				8BC98E031E13AAB700E416A1 /* AppDelegate.h */,
				8BC98E041E13AAB700E416A1 /* AppDelegate.m */,
				8BC98E061E13AAB700E416A1 /* ViewController.h */,
				8BC98E071E13AAB700E416A1 /* ViewController.m */,
				8BC98E091E13AAB700E416A1 /* Main.storyboard */,
				8BC98E0C1E13AAB700E416A1 /* Assets.xcassets */,
				8BC98E0E1E13AAB700E416A1 /* LaunchScreen.storyboard */,
				8BC98E111E13AAB700E416A1 /* Info.plist */,
				8B0663EB1E15233F001C9B23 /* PrefixHeader.pch */,
				8BC98E001E13AAB700E416A1 /* Supporting Files */,
			);
			path = NNMacrosDemo;
			sourceTree = "<group>";
		};
		8BC98E001E13AAB700E416A1 /* Supporting Files */ = {
			isa = PBXGroup;
			children = (
				8BC98E011E13AAB700E416A1 /* main.m */,
			);
			name = "Supporting Files";
			sourceTree = "<group>";
		};
		8BC98E191E13AAB800E416A1 /* NNMacrosDemoTests */ = {
			isa = PBXGroup;
			children = (
				8BC98E1A1E13AAB800E416A1 /* NNMacrosDemoTests.m */,
				8BC98E1C1E13AAB800E416A1 /* Info.plist */,
			);
			path = NNMacrosDemoTests;
			sourceTree = "<group>";
		};
		8BC98E241E13AAB800E416A1 /* NNMacrosDemoUITests */ = {
			isa = PBXGroup;
			children = (
				8BC98E251E13AAB800E416A1 /* NNMacrosDemoUITests.m */,
				8BC98E271E13AAB800E416A1 /* Info.plist */,
			);
			path = NNMacrosDemoUITests;
			sourceTree = "<group>";
		};
		AC6E6C7CF1D2B991819E08D6 /* Pods */ = {
			isa = PBXGroup;
			children = (
				5F11B7893DF6F6A86B418396 /* Pods-NNMacrosDemo.debug.xcconfig */,
				8E71B663B3BF76B477A1FE27 /* Pods-NNMacrosDemo.release.xcconfig */,
			);
			name = Pods;
			path = ../Pods;
			sourceTree = "<group>";
		};
/* End PBXGroup section */

/* Begin PBXNativeTarget section */
		8BC98DFC1E13AAB700E416A1 /* NNMacrosDemo */ = {
			isa = PBXNativeTarget;
			buildConfigurationList = 8BC98E2A1E13AAB800E416A1 /* Build configuration list for PBXNativeTarget "NNMacrosDemo" */;
			buildPhases = (
				32F4FF98028C2233314C2BE0 /* [CP] Check Pods Manifest.lock */,
				8BC98DF91E13AAB700E416A1 /* Sources */,
				8BC98DFA1E13AAB700E416A1 /* Frameworks */,
				8BC98DFB1E13AAB700E416A1 /* Resources */,
				0128E2A3ACA930449B9B0626 /* [CP] Embed Pods Frameworks */,
			);
			buildRules = (
			);
			dependencies = (
			);
			name = NNMacrosDemo;
			productName = NNMacrosDemo;
			productReference = 8BC98DFD1E13AAB700E416A1 /* NNMacrosDemo.app */;
			productType = "com.apple.product-type.application";
		};
		8BC98E151E13AAB800E416A1 /* NNMacrosDemoTests */ = {
			isa = PBXNativeTarget;
			buildConfigurationList = 8BC98E2D1E13AAB800E416A1 /* Build configuration list for PBXNativeTarget "NNMacrosDemoTests" */;
			buildPhases = (
				8BC98E121E13AAB800E416A1 /* Sources */,
				8BC98E131E13AAB800E416A1 /* Frameworks */,
				8BC98E141E13AAB800E416A1 /* Resources */,
			);
			buildRules = (
			);
			dependencies = (
				8BC98E181E13AAB800E416A1 /* PBXTargetDependency */,
			);
			name = NNMacrosDemoTests;
			productName = NNMacrosDemoTests;
			productReference = 8BC98E161E13AAB800E416A1 /* NNMacrosDemoTests.xctest */;
			productType = "com.apple.product-type.bundle.unit-test";
		};
		8BC98E201E13AAB800E416A1 /* NNMacrosDemoUITests */ = {
			isa = PBXNativeTarget;
			buildConfigurationList = 8BC98E301E13AAB800E416A1 /* Build configuration list for PBXNativeTarget "NNMacrosDemoUITests" */;
			buildPhases = (
				8BC98E1D1E13AAB800E416A1 /* Sources */,
				8BC98E1E1E13AAB800E416A1 /* Frameworks */,
				8BC98E1F1E13AAB800E416A1 /* Resources */,
			);
			buildRules = (
			);
			dependencies = (
				8BC98E231E13AAB800E416A1 /* PBXTargetDependency */,
			);
			name = NNMacrosDemoUITests;
			productName = NNMacrosDemoUITests;
			productReference = 8BC98E211E13AAB800E416A1 /* NNMacrosDemoUITests.xctest */;
			productType = "com.apple.product-type.bundle.ui-testing";
		};
/* End PBXNativeTarget section */

/* Begin PBXProject section */
		8BC98DF51E13AAB700E416A1 /* Project object */ = {
			isa = PBXProject;
			attributes = {
				LastUpgradeCheck = 1020;
				ORGANIZATIONNAME = "顾海军";
				TargetAttributes = {
					8BC98DFC1E13AAB700E416A1 = {
						CreatedOnToolsVersion = 8.1;
						ProvisioningStyle = Manual;
					};
					8BC98E151E13AAB800E416A1 = {
						CreatedOnToolsVersion = 8.1;
						DevelopmentTeam = WN86VZD5FW;
						ProvisioningStyle = Automatic;
						TestTargetID = 8BC98DFC1E13AAB700E416A1;
					};
					8BC98E201E13AAB800E416A1 = {
						CreatedOnToolsVersion = 8.1;
						DevelopmentTeam = WN86VZD5FW;
						ProvisioningStyle = Automatic;
						TestTargetID = 8BC98DFC1E13AAB700E416A1;
					};
				};
			};
			buildConfigurationList = 8BC98DF81E13AAB700E416A1 /* Build configuration list for PBXProject "NNMacrosDemo" */;
			compatibilityVersion = "Xcode 3.2";
			developmentRegion = English;
			hasScannedForEncodings = 0;
			knownRegions = (
				English,
				en,
				Base,
			);
			mainGroup = 8BC98DF41E13AAB700E416A1;
			productRefGroup = 8BC98DFE1E13AAB700E416A1 /* Products */;
			projectDirPath = "";
			projectRoot = "";
			targets = (
				8BC98DFC1E13AAB700E416A1 /* NNMacrosDemo */,
				8BC98E151E13AAB800E416A1 /* NNMacrosDemoTests */,
				8BC98E201E13AAB800E416A1 /* NNMacrosDemoUITests */,
			);
		};
/* End PBXProject section */

/* Begin PBXResourcesBuildPhase section */
		8BC98DFB1E13AAB700E416A1 /* Resources */ = {
			isa = PBXResourcesBuildPhase;
			buildActionMask = 2147483647;
			files = (
				8BC98E101E13AAB700E416A1 /* LaunchScreen.storyboard in Resources */,
				8BC98E0D1E13AAB700E416A1 /* Assets.xcassets in Resources */,
				8BC98E0B1E13AAB700E416A1 /* Main.storyboard in Resources */,
			);
			runOnlyForDeploymentPostprocessing = 0;
		};
		8BC98E141E13AAB800E416A1 /* Resources */ = {
			isa = PBXResourcesBuildPhase;
			buildActionMask = 2147483647;
			files = (
			);
			runOnlyForDeploymentPostprocessing = 0;
		};
		8BC98E1F1E13AAB800E416A1 /* Resources */ = {
			isa = PBXResourcesBuildPhase;
			buildActionMask = 2147483647;
			files = (
			);
			runOnlyForDeploymentPostprocessing = 0;
		};
/* End PBXResourcesBuildPhase section */

/* Begin PBXShellScriptBuildPhase section */
		0128E2A3ACA930449B9B0626 /* [CP] Embed Pods Frameworks */ = {
			isa = PBXShellScriptBuildPhase;
			buildActionMask = 2147483647;
			files = (
			);
			inputPaths = (
				"${PODS_ROOT}/Target Support Files/Pods-NNMacrosDemo/Pods-NNMacrosDemo-frameworks.sh",
				"${BUILT_PRODUCTS_DIR}/NNMacros/NNMacros.framework",
			);
			name = "[CP] Embed Pods Frameworks";
			outputPaths = (
				"${TARGET_BUILD_DIR}/${FRAMEWORKS_FOLDER_PATH}/NNMacros.framework",
			);
			runOnlyForDeploymentPostprocessing = 0;
			shellPath = /bin/sh;
			shellScript = "\"${PODS_ROOT}/Target Support Files/Pods-NNMacrosDemo/Pods-NNMacrosDemo-frameworks.sh\"\n";
			showEnvVarsInLog = 0;
		};
		32F4FF98028C2233314C2BE0 /* [CP] Check Pods Manifest.lock */ = {
			isa = PBXShellScriptBuildPhase;
			buildActionMask = 2147483647;
			files = (
			);
			inputFileListPaths = (
			);
			inputPaths = (
				"${PODS_PODFILE_DIR_PATH}/Podfile.lock",
				"${PODS_ROOT}/Manifest.lock",
			);
			name = "[CP] Check Pods Manifest.lock";
			outputFileListPaths = (
			);
			outputPaths = (
				"$(DERIVED_FILE_DIR)/Pods-NNMacrosDemo-checkManifestLockResult.txt",
			);
			runOnlyForDeploymentPostprocessing = 0;
			shellPath = /bin/sh;
			shellScript = "diff \"${PODS_PODFILE_DIR_PATH}/Podfile.lock\" \"${PODS_ROOT}/Manifest.lock\" > /dev/null\nif [ $? != 0 ] ; then\n    # print error to STDERR\n    echo \"error: The sandbox is not in sync with the Podfile.lock. Run 'pod install' or update your CocoaPods installation.\" >&2\n    exit 1\nfi\n# This output is used by Xcode 'outputs' to avoid re-running this script phase.\necho \"SUCCESS\" > \"${SCRIPT_OUTPUT_FILE_0}\"\n";
			showEnvVarsInLog = 0;
		};
/* End PBXShellScriptBuildPhase section */

/* Begin PBXSourcesBuildPhase section */
		8BC98DF91E13AAB700E416A1 /* Sources */ = {
			isa = PBXSourcesBuildPhase;
			buildActionMask = 2147483647;
			files = (
				8B0663F21E153928001C9B23 /* NNMacrosLazyGetterDemo.m in Sources */,
				8BC98E081E13AAB700E416A1 /* ViewController.m in Sources */,
				8B82601E1E1F31190037EA04 /* NNMacrosStringDemo.m in Sources */,
				8BC98E051E13AAB700E416A1 /* AppDelegate.m in Sources */,
				8B82601B1E1F30ED0037EA04 /* NNMacrosAppDemo.m in Sources */,
				8B8260221E1F73840037EA04 /* NNMacrosDeviceDemo.m in Sources */,
				8B8260151E1F307F0037EA04 /* NNMacrosSandboxPathDemo.m in Sources */,
				7A4833652356F30400ACE8E1 /* NNMacrosSynthesizeDemo.m in Sources */,
				8BC98E021E13AAB700E416A1 /* main.m in Sources */,
				8B8260181E1F30B80037EA04 /* NNMacrosScreenDemo.m in Sources */,
				7ADD1053235D5A3A00696013 /* NNMacrosScopeDemo.m in Sources */,
			);
			runOnlyForDeploymentPostprocessing = 0;
		};
		8BC98E121E13AAB800E416A1 /* Sources */ = {
			isa = PBXSourcesBuildPhase;
			buildActionMask = 2147483647;
			files = (
				8BC98E1B1E13AAB800E416A1 /* NNMacrosDemoTests.m in Sources */,
			);
			runOnlyForDeploymentPostprocessing = 0;
		};
		8BC98E1D1E13AAB800E416A1 /* Sources */ = {
			isa = PBXSourcesBuildPhase;
			buildActionMask = 2147483647;
			files = (
				8BC98E261E13AAB800E416A1 /* NNMacrosDemoUITests.m in Sources */,
			);
			runOnlyForDeploymentPostprocessing = 0;
		};
/* End PBXSourcesBuildPhase section */

/* Begin PBXTargetDependency section */
		8BC98E181E13AAB800E416A1 /* PBXTargetDependency */ = {
			isa = PBXTargetDependency;
			target = 8BC98DFC1E13AAB700E416A1 /* NNMacrosDemo */;
			targetProxy = 8BC98E171E13AAB800E416A1 /* PBXContainerItemProxy */;
		};
		8BC98E231E13AAB800E416A1 /* PBXTargetDependency */ = {
			isa = PBXTargetDependency;
			target = 8BC98DFC1E13AAB700E416A1 /* NNMacrosDemo */;
			targetProxy = 8BC98E221E13AAB800E416A1 /* PBXContainerItemProxy */;
		};
/* End PBXTargetDependency section */

/* Begin PBXVariantGroup section */
		8BC98E091E13AAB700E416A1 /* Main.storyboard */ = {
			isa = PBXVariantGroup;
			children = (
				8BC98E0A1E13AAB700E416A1 /* Base */,
			);
			name = Main.storyboard;
			sourceTree = "<group>";
		};
		8BC98E0E1E13AAB700E416A1 /* LaunchScreen.storyboard */ = {
			isa = PBXVariantGroup;
			children = (
				8BC98E0F1E13AAB700E416A1 /* Base */,
			);
			name = LaunchScreen.storyboard;
			sourceTree = "<group>";
		};
/* End PBXVariantGroup section */

/* Begin XCBuildConfiguration section */
		8BC98E281E13AAB800E416A1 /* Debug */ = {
			isa = XCBuildConfiguration;
			buildSettings = {
				ALWAYS_SEARCH_USER_PATHS = NO;
				CLANG_ANALYZER_LOCALIZABILITY_NONLOCALIZED = YES;
				CLANG_ANALYZER_NONNULL = YES;
				CLANG_CXX_LANGUAGE_STANDARD = "gnu++0x";
				CLANG_CXX_LIBRARY = "libc++";
				CLANG_ENABLE_MODULES = YES;
				CLANG_ENABLE_OBJC_ARC = YES;
				CLANG_WARN_BLOCK_CAPTURE_AUTORELEASING = YES;
				CLANG_WARN_BOOL_CONVERSION = YES;
				CLANG_WARN_COMMA = YES;
				CLANG_WARN_CONSTANT_CONVERSION = YES;
				CLANG_WARN_DEPRECATED_OBJC_IMPLEMENTATIONS = YES;
				CLANG_WARN_DIRECT_OBJC_ISA_USAGE = YES_ERROR;
				CLANG_WARN_DOCUMENTATION_COMMENTS = YES;
				CLANG_WARN_EMPTY_BODY = YES;
				CLANG_WARN_ENUM_CONVERSION = YES;
				CLANG_WARN_INFINITE_RECURSION = YES;
				CLANG_WARN_INT_CONVERSION = YES;
				CLANG_WARN_NON_LITERAL_NULL_CONVERSION = YES;
				CLANG_WARN_OBJC_IMPLICIT_RETAIN_SELF = YES;
				CLANG_WARN_OBJC_LITERAL_CONVERSION = YES;
				CLANG_WARN_OBJC_ROOT_CLASS = YES_ERROR;
				CLANG_WARN_RANGE_LOOP_ANALYSIS = YES;
				CLANG_WARN_STRICT_PROTOTYPES = YES;
				CLANG_WARN_SUSPICIOUS_MOVE = YES;
				CLANG_WARN_SUSPICIOUS_MOVES = YES;
				CLANG_WARN_UNREACHABLE_CODE = YES;
				CLANG_WARN__DUPLICATE_METHOD_MATCH = YES;
				"CODE_SIGN_IDENTITY[sdk=iphoneos*]" = "iPhone Developer";
				COPY_PHASE_STRIP = NO;
				DEBUG_INFORMATION_FORMAT = dwarf;
				ENABLE_STRICT_OBJC_MSGSEND = YES;
				ENABLE_TESTABILITY = YES;
				GCC_C_LANGUAGE_STANDARD = gnu99;
				GCC_DYNAMIC_NO_PIC = NO;
				GCC_NO_COMMON_BLOCKS = YES;
				GCC_OPTIMIZATION_LEVEL = 0;
				GCC_PREPROCESSOR_DEFINITIONS = (
					"DEBUG=1",
					"$(inherited)",
				);
				GCC_WARN_64_TO_32_BIT_CONVERSION = YES;
				GCC_WARN_ABOUT_RETURN_TYPE = YES_ERROR;
				GCC_WARN_UNDECLARED_SELECTOR = YES;
				GCC_WARN_UNINITIALIZED_AUTOS = YES_AGGRESSIVE;
				GCC_WARN_UNUSED_FUNCTION = YES;
				GCC_WARN_UNUSED_VARIABLE = YES;
				IPHONEOS_DEPLOYMENT_TARGET = 9.0;
				MTL_ENABLE_DEBUG_INFO = YES;
				ONLY_ACTIVE_ARCH = YES;
				SDKROOT = iphoneos;
			};
			name = Debug;
		};
		8BC98E291E13AAB800E416A1 /* Release */ = {
			isa = XCBuildConfiguration;
			buildSettings = {
				ALWAYS_SEARCH_USER_PATHS = NO;
				CLANG_ANALYZER_LOCALIZABILITY_NONLOCALIZED = YES;
				CLANG_ANALYZER_NONNULL = YES;
				CLANG_CXX_LANGUAGE_STANDARD = "gnu++0x";
				CLANG_CXX_LIBRARY = "libc++";
				CLANG_ENABLE_MODULES = YES;
				CLANG_ENABLE_OBJC_ARC = YES;
				CLANG_WARN_BLOCK_CAPTURE_AUTORELEASING = YES;
				CLANG_WARN_BOOL_CONVERSION = YES;
				CLANG_WARN_COMMA = YES;
				CLANG_WARN_CONSTANT_CONVERSION = YES;
				CLANG_WARN_DEPRECATED_OBJC_IMPLEMENTATIONS = YES;
				CLANG_WARN_DIRECT_OBJC_ISA_USAGE = YES_ERROR;
				CLANG_WARN_DOCUMENTATION_COMMENTS = YES;
				CLANG_WARN_EMPTY_BODY = YES;
				CLANG_WARN_ENUM_CONVERSION = YES;
				CLANG_WARN_INFINITE_RECURSION = YES;
				CLANG_WARN_INT_CONVERSION = YES;
				CLANG_WARN_NON_LITERAL_NULL_CONVERSION = YES;
				CLANG_WARN_OBJC_IMPLICIT_RETAIN_SELF = YES;
				CLANG_WARN_OBJC_LITERAL_CONVERSION = YES;
				CLANG_WARN_OBJC_ROOT_CLASS = YES_ERROR;
				CLANG_WARN_RANGE_LOOP_ANALYSIS = YES;
				CLANG_WARN_STRICT_PROTOTYPES = YES;
				CLANG_WARN_SUSPICIOUS_MOVE = YES;
				CLANG_WARN_SUSPICIOUS_MOVES = YES;
				CLANG_WARN_UNREACHABLE_CODE = YES;
				CLANG_WARN__DUPLICATE_METHOD_MATCH = YES;
				"CODE_SIGN_IDENTITY[sdk=iphoneos*]" = "iPhone Developer";
				COPY_PHASE_STRIP = NO;
				DEBUG_INFORMATION_FORMAT = "dwarf-with-dsym";
				ENABLE_NS_ASSERTIONS = NO;
				ENABLE_STRICT_OBJC_MSGSEND = YES;
				GCC_C_LANGUAGE_STANDARD = gnu99;
				GCC_NO_COMMON_BLOCKS = YES;
				GCC_WARN_64_TO_32_BIT_CONVERSION = YES;
				GCC_WARN_ABOUT_RETURN_TYPE = YES_ERROR;
				GCC_WARN_UNDECLARED_SELECTOR = YES;
				GCC_WARN_UNINITIALIZED_AUTOS = YES_AGGRESSIVE;
				GCC_WARN_UNUSED_FUNCTION = YES;
				GCC_WARN_UNUSED_VARIABLE = YES;
				IPHONEOS_DEPLOYMENT_TARGET = 9.0;
				MTL_ENABLE_DEBUG_INFO = NO;
				SDKROOT = iphoneos;
				VALIDATE_PRODUCT = YES;
			};
			name = Release;
		};
		8BC98E2B1E13AAB800E416A1 /* Debug */ = {
			isa = XCBuildConfiguration;
			baseConfigurationReference = 5F11B7893DF6F6A86B418396 /* Pods-NNMacrosDemo.debug.xcconfig */;
			buildSettings = {
				ASSETCATALOG_COMPILER_APPICON_NAME = AppIcon;
				CODE_SIGN_IDENTITY = "iPhone Developer";
				CODE_SIGN_STYLE = Manual;
				DEVELOPMENT_TEAM = "";
				GCC_PREFIX_HEADER = "$(SRCROOT)/NNMacrosDemo/PrefixHeader.pch";
				INFOPLIST_FILE = NNMacrosDemo/Info.plist;
				IPHONEOS_DEPLOYMENT_TARGET = 9.0;
				LD_RUNPATH_SEARCH_PATHS = "$(inherited) @executable_path/Frameworks";
				PRODUCT_BUNDLE_IDENTIFIER = com.nn.NNMacrosDemo;
				PRODUCT_NAME = "$(TARGET_NAME)";
				PROVISIONING_PROFILE_SPECIFIER = "";
				TARGETED_DEVICE_FAMILY = 1;
			};
			name = Debug;
		};
		8BC98E2C1E13AAB800E416A1 /* Release */ = {
			isa = XCBuildConfiguration;
			baseConfigurationReference = 8E71B663B3BF76B477A1FE27 /* Pods-NNMacrosDemo.release.xcconfig */;
			buildSettings = {
				ASSETCATALOG_COMPILER_APPICON_NAME = AppIcon;
				CODE_SIGN_IDENTITY = "iPhone Developer";
				CODE_SIGN_STYLE = Manual;
				DEVELOPMENT_TEAM = "";
				GCC_PREFIX_HEADER = "$(SRCROOT)/NNMacrosDemo/PrefixHeader.pch";
				INFOPLIST_FILE = NNMacrosDemo/Info.plist;
				IPHONEOS_DEPLOYMENT_TARGET = 9.0;
				LD_RUNPATH_SEARCH_PATHS = "$(inherited) @executable_path/Frameworks";
				PRODUCT_BUNDLE_IDENTIFIER = com.nn.NNMacrosDemo;
				PRODUCT_NAME = "$(TARGET_NAME)";
				PROVISIONING_PROFILE_SPECIFIER = "";
				TARGETED_DEVICE_FAMILY = 1;
			};
			name = Release;
		};
		8BC98E2E1E13AAB800E416A1 /* Debug */ = {
			isa = XCBuildConfiguration;
			buildSettings = {
				BUNDLE_LOADER = "$(TEST_HOST)";
				DEVELOPMENT_TEAM = WN86VZD5FW;
				INFOPLIST_FILE = NNMacrosDemoTests/Info.plist;
				LD_RUNPATH_SEARCH_PATHS = "$(inherited) @executable_path/Frameworks @loader_path/Frameworks";
				PRODUCT_BUNDLE_IDENTIFIER = com.HaijunGu.NNMacrosDemoTests;
				PRODUCT_NAME = "$(TARGET_NAME)";
				TEST_HOST = "$(BUILT_PRODUCTS_DIR)/NNMacrosDemo.app/NNMacrosDemo";
			};
			name = Debug;
		};
		8BC98E2F1E13AAB800E416A1 /* Release */ = {
			isa = XCBuildConfiguration;
			buildSettings = {
				BUNDLE_LOADER = "$(TEST_HOST)";
				DEVELOPMENT_TEAM = WN86VZD5FW;
				INFOPLIST_FILE = NNMacrosDemoTests/Info.plist;
				LD_RUNPATH_SEARCH_PATHS = "$(inherited) @executable_path/Frameworks @loader_path/Frameworks";
				PRODUCT_BUNDLE_IDENTIFIER = com.HaijunGu.NNMacrosDemoTests;
				PRODUCT_NAME = "$(TARGET_NAME)";
				TEST_HOST = "$(BUILT_PRODUCTS_DIR)/NNMacrosDemo.app/NNMacrosDemo";
			};
			name = Release;
		};
		8BC98E311E13AAB800E416A1 /* Debug */ = {
			isa = XCBuildConfiguration;
			buildSettings = {
				DEVELOPMENT_TEAM = WN86VZD5FW;
				INFOPLIST_FILE = NNMacrosDemoUITests/Info.plist;
				LD_RUNPATH_SEARCH_PATHS = "$(inherited) @executable_path/Frameworks @loader_path/Frameworks";
				PRODUCT_BUNDLE_IDENTIFIER = com.HaijunGu.NNMacrosDemoUITests;
				PRODUCT_NAME = "$(TARGET_NAME)";
				TEST_TARGET_NAME = NNMacrosDemo;
			};
			name = Debug;
		};
		8BC98E321E13AAB800E416A1 /* Release */ = {
			isa = XCBuildConfiguration;
			buildSettings = {
				DEVELOPMENT_TEAM = WN86VZD5FW;
				INFOPLIST_FILE = NNMacrosDemoUITests/Info.plist;
				LD_RUNPATH_SEARCH_PATHS = "$(inherited) @executable_path/Frameworks @loader_path/Frameworks";
				PRODUCT_BUNDLE_IDENTIFIER = com.HaijunGu.NNMacrosDemoUITests;
				PRODUCT_NAME = "$(TARGET_NAME)";
				TEST_TARGET_NAME = NNMacrosDemo;
			};
			name = Release;
		};
/* End XCBuildConfiguration section */

/* Begin XCConfigurationList section */
		8BC98DF81E13AAB700E416A1 /* Build configuration list for PBXProject "NNMacrosDemo" */ = {
			isa = XCConfigurationList;
			buildConfigurations = (
				8BC98E281E13AAB800E416A1 /* Debug */,
				8BC98E291E13AAB800E416A1 /* Release */,
			);
			defaultConfigurationIsVisible = 0;
			defaultConfigurationName = Release;
		};
		8BC98E2A1E13AAB800E416A1 /* Build configuration list for PBXNativeTarget "NNMacrosDemo" */ = {
			isa = XCConfigurationList;
			buildConfigurations = (
				8BC98E2B1E13AAB800E416A1 /* Debug */,
				8BC98E2C1E13AAB800E416A1 /* Release */,
			);
			defaultConfigurationIsVisible = 0;
			defaultConfigurationName = Release;
		};
		8BC98E2D1E13AAB800E416A1 /* Build configuration list for PBXNativeTarget "NNMacrosDemoTests" */ = {
			isa = XCConfigurationList;
			buildConfigurations = (
				8BC98E2E1E13AAB800E416A1 /* Debug */,
				8BC98E2F1E13AAB800E416A1 /* Release */,
			);
			defaultConfigurationIsVisible = 0;
			defaultConfigurationName = Release;
		};
		8BC98E301E13AAB800E416A1 /* Build configuration list for PBXNativeTarget "NNMacrosDemoUITests" */ = {
			isa = XCConfigurationList;
			buildConfigurations = (
				8BC98E311E13AAB800E416A1 /* Debug */,
				8BC98E321E13AAB800E416A1 /* Release */,
			);
			defaultConfigurationIsVisible = 0;
			defaultConfigurationName = Release;
		};
/* End XCConfigurationList section */
	};
	rootObject = 8BC98DF51E13AAB700E416A1 /* Project object */;
}
